
Microsoft Visual Studio Solution File, Format Version 11.00
# Visual Studio 2010
Project("{FAE04EC0-301F-11D3-BF4B-00C04F79EFBC}") = "MergeBatchEntityFW", "MergeBatchEntityFW\MergeBatchEntityFW.csproj", "{7A6BE5F3-4E70-40EE-9E3C-CA5706F7AFA2}"
EndProject
Project("{FAE04EC0-301F-11D3-BF4B-00C04F79EFBC}") = "Entities", "Entities\Entities.csproj", "{00D3719C-BD60-4D46-9E99-2EEBE76C6460}"
EndProject
Project("{FAE04EC0-301F-11D3-BF4B-00C04F79EFBC}") = "BAL", "BAL\BAL.csproj", "{360FECCB-1587-410F-AB53-A90771237089}"
EndProject
Project("{FAE04EC0-301F-11D3-BF4B-00C04F79EFBC}") = "DAL", "DAL\DAL.csproj", "{87C28482-5A8D-4751-90BF-9D1D56142A3A}"
EndProject
Global
	GlobalSection(SolutionConfigurationPlatforms) = preSolution
		Debug|Any CPU = Debug|Any CPU
		Release|Any CPU = Release|Any CPU
	EndGlobalSection
	GlobalSection(ProjectConfigurationPlatforms) = postSolution
		{7A6BE5F3-4E70-40EE-9E3C-CA5706F7AFA2}.Debug|Any CPU.ActiveCfg = Debug|Any CPU
		{7A6BE5F3-4E70-40EE-9E3C-CA5706F7AFA2}.Debug|Any CPU.Build.0 = Debug|Any CPU
		{7A6BE5F3-4E70-40EE-9E3C-CA5706F7AFA2}.Release|Any CPU.ActiveCfg = Release|Any CPU
		{7A6BE5F3-4E70-40EE-9E3C-CA5706F7AFA2}.Release|Any CPU.Build.0 = Release|Any CPU
		{00D3719C-BD60-4D46-9E99-2EEBE76C6460}.Debug|Any CPU.ActiveCfg = Debug|Any CPU
		{00D3719C-BD60-4D46-9E99-2EEBE76C6460}.Debug|Any CPU.Build.0 = Debug|Any CPU
		{00D3719C-BD60-4D46-9E99-2EEBE76C6460}.Release|Any CPU.ActiveCfg = Release|Any CPU
		{00D3719C-BD60-4D46-9E99-2EEBE76C6460}.Release|Any CPU.Build.0 = Release|Any CPU
		{360FECCB-1587-410F-AB53-A90771237089}.Debug|Any CPU.ActiveCfg = Debug|Any CPU
		{360FECCB-1587-410F-AB53-A90771237089}.Debug|Any CPU.Build.0 = Debug|Any CPU
		{360FECCB-1587-410F-AB53-A90771237089}.Release|Any CPU.ActiveCfg = Release|Any CPU
		{360FECCB-1587-410F-AB53-A90771237089}.Release|Any CPU.Build.0 = Release|Any CPU
		{87C28482-5A8D-4751-90BF-9D1D56142A3A}.Debug|Any CPU.ActiveCfg = Debug|Any CPU
		{87C28482-5A8D-4751-90BF-9D1D56142A3A}.Debug|Any CPU.Build.0 = Debug|Any CPU
		{87C28482-5A8D-4751-90BF-9D1D56142A3A}.Release|Any CPU.ActiveCfg = Release|Any CPU
		{87C28482-5A8D-4751-90BF-9D1D56142A3A}.Release|Any CPU.Build.0 = Release|Any CPU
	EndGlobalSection
	GlobalSection(SolutionProperties) = preSolution
		HideSolutionNode = FALSE
	EndGlobalSection
EndGlobal
