
Microsoft Visual Studio Solution File, Format Version 12.00
# Visual Studio Version 16
VisualStudioVersion = 16.0.29519.87
MinimumVisualStudioVersion = 10.0.40219.1
Project("{FAE04EC0-301F-11D3-BF4B-00C04F79EFBC}") = "Anders_Scoreboard_Challenge", "Anders_Scoreboard_Challenge\Anders_Scoreboard_Challenge.csproj", "{57F26DF8-FF37-47C4-857B-39C2246819DA}"
EndProject
Global
	GlobalSection(SolutionConfigurationPlatforms) = preSolution
		Debug|Any CPU = Debug|Any CPU
		Release|Any CPU = Release|Any CPU
	EndGlobalSection
	GlobalSection(ProjectConfigurationPlatforms) = postSolution
		{57F26DF8-FF37-47C4-857B-39C2246819DA}.Debug|Any CPU.ActiveCfg = Debug|Any CPU
		{57F26DF8-FF37-47C4-857B-39C2246819DA}.Debug|Any CPU.Build.0 = Debug|Any CPU
		{57F26DF8-FF37-47C4-857B-39C2246819DA}.Release|Any CPU.ActiveCfg = Release|Any CPU
		{57F26DF8-FF37-47C4-857B-39C2246819DA}.Release|Any CPU.Build.0 = Release|Any CPU
	EndGlobalSection
	GlobalSection(SolutionProperties) = preSolution
		HideSolutionNode = FALSE
	EndGlobalSection
	GlobalSection(ExtensibilityGlobals) = postSolution
		SolutionGuid = {E57C7F91-CF2E-452B-8851-ED0C7A8D070A}
	EndGlobalSection
EndGlobal
