
Microsoft Visual Studio Solution File, Format Version 11.00
# Visual Studio 2010
Project("{F184B08F-C81C-45F6-A57F-5ABD9991F28F}") = "The rectangle class", "The rectangle class\The rectangle class.vbproj", "{D2E476B8-27FC-4119-8269-70196D491303}"
EndProject
Global
	GlobalSection(SolutionConfigurationPlatforms) = preSolution
		Debug|x86 = Debug|x86
		Release|x86 = Release|x86
	EndGlobalSection
	GlobalSection(ProjectConfigurationPlatforms) = postSolution
		{D2E476B8-27FC-4119-8269-70196D491303}.Debug|x86.ActiveCfg = Debug|x86
		{D2E476B8-27FC-4119-8269-70196D491303}.Debug|x86.Build.0 = Debug|x86
		{D2E476B8-27FC-4119-8269-70196D491303}.Release|x86.ActiveCfg = Release|x86
		{D2E476B8-27FC-4119-8269-70196D491303}.Release|x86.Build.0 = Release|x86
	EndGlobalSection
	GlobalSection(SolutionProperties) = preSolution
		HideSolutionNode = FALSE
	EndGlobalSection
EndGlobal
