
Microsoft Visual Studio Solution File, Format Version 11.00
# Visual Studio 2010
Project("{FAE04EC0-301F-11D3-BF4B-00C04F79EFBC}") = "fpro", "fpro\fpro.csproj", "{9C7E251C-14A6-4481-B9A3-82AA191FF3DF}"
EndProject
Global
	GlobalSection(SolutionConfigurationPlatforms) = preSolution
		Debug|Any CPU = Debug|Any CPU
		Release|Any CPU = Release|Any CPU
	EndGlobalSection
	GlobalSection(ProjectConfigurationPlatforms) = postSolution
		{9C7E251C-14A6-4481-B9A3-82AA191FF3DF}.Debug|Any CPU.ActiveCfg = Debug|Any CPU
		{9C7E251C-14A6-4481-B9A3-82AA191FF3DF}.Debug|Any CPU.Build.0 = Debug|Any CPU
		{9C7E251C-14A6-4481-B9A3-82AA191FF3DF}.Release|Any CPU.ActiveCfg = Release|Any CPU
		{9C7E251C-14A6-4481-B9A3-82AA191FF3DF}.Release|Any CPU.Build.0 = Release|Any CPU
	EndGlobalSection
	GlobalSection(SolutionProperties) = preSolution
		HideSolutionNode = FALSE
	EndGlobalSection
EndGlobal
