
Microsoft Visual Studio Solution File, Format Version 11.00
# Visual Studio 2010
Project("{FAE04EC0-301F-11D3-BF4B-00C04F79EFBC}") = "Login-Module", "Login-Module\Login-Module.csproj", "{17E24DCE-4E64-433C-91B3-063047CFBC42}"
EndProject
Global
	GlobalSection(SolutionConfigurationPlatforms) = preSolution
		Debug|Any CPU = Debug|Any CPU
		Release|Any CPU = Release|Any CPU
	EndGlobalSection
	GlobalSection(ProjectConfigurationPlatforms) = postSolution
		{17E24DCE-4E64-433C-91B3-063047CFBC42}.Debug|Any CPU.ActiveCfg = Debug|Any CPU
		{17E24DCE-4E64-433C-91B3-063047CFBC42}.Debug|Any CPU.Build.0 = Debug|Any CPU
		{17E24DCE-4E64-433C-91B3-063047CFBC42}.Release|Any CPU.ActiveCfg = Release|Any CPU
		{17E24DCE-4E64-433C-91B3-063047CFBC42}.Release|Any CPU.Build.0 = Release|Any CPU
	EndGlobalSection
	GlobalSection(SolutionProperties) = preSolution
		HideSolutionNode = FALSE
	EndGlobalSection
EndGlobal
