
Microsoft Visual Studio Solution File, Format Version 12.00
# Visual Studio Version 16
VisualStudioVersion = 16.0.29519.87
MinimumVisualStudioVersion = 10.0.40219.1
Project("{00D1A9C2-B5F0-4AF3-8072-F6C62B433612}") = "Database1", "Database1\Database1.sqlproj", "{A51B305A-119E-4670-97F4-156BAA6D144F}"
EndProject
Global
	GlobalSection(SolutionConfigurationPlatforms) = preSolution
		Debug|Any CPU = Debug|Any CPU
		Release|Any CPU = Release|Any CPU
	EndGlobalSection
	GlobalSection(ProjectConfigurationPlatforms) = postSolution
		{A51B305A-119E-4670-97F4-156BAA6D144F}.Debug|Any CPU.ActiveCfg = Debug|Any CPU
		{A51B305A-119E-4670-97F4-156BAA6D144F}.Debug|Any CPU.Build.0 = Debug|Any CPU
		{A51B305A-119E-4670-97F4-156BAA6D144F}.Debug|Any CPU.Deploy.0 = Debug|Any CPU
		{A51B305A-119E-4670-97F4-156BAA6D144F}.Release|Any CPU.ActiveCfg = Release|Any CPU
		{A51B305A-119E-4670-97F4-156BAA6D144F}.Release|Any CPU.Build.0 = Release|Any CPU
		{A51B305A-119E-4670-97F4-156BAA6D144F}.Release|Any CPU.Deploy.0 = Release|Any CPU
	EndGlobalSection
	GlobalSection(SolutionProperties) = preSolution
		HideSolutionNode = FALSE
	EndGlobalSection
	GlobalSection(ExtensibilityGlobals) = postSolution
		SolutionGuid = {99B53AA3-E875-4F61-A4DB-75364170E0C2}
	EndGlobalSection
EndGlobal
