
Microsoft Visual Studio Solution File, Format Version 11.00
# Visual Studio 2010
Project("{FAE04EC0-301F-11D3-BF4B-00C04F79EFBC}") = "offPro", "offPro\offPro.csproj", "{CA5E0DEC-9862-4EDC-8471-9F67580F4602}"
EndProject
Global
	GlobalSection(SolutionConfigurationPlatforms) = preSolution
		Debug|Any CPU = Debug|Any CPU
		Release|Any CPU = Release|Any CPU
	EndGlobalSection
	GlobalSection(ProjectConfigurationPlatforms) = postSolution
		{CA5E0DEC-9862-4EDC-8471-9F67580F4602}.Debug|Any CPU.ActiveCfg = Debug|Any CPU
		{CA5E0DEC-9862-4EDC-8471-9F67580F4602}.Debug|Any CPU.Build.0 = Debug|Any CPU
		{CA5E0DEC-9862-4EDC-8471-9F67580F4602}.Release|Any CPU.ActiveCfg = Release|Any CPU
		{CA5E0DEC-9862-4EDC-8471-9F67580F4602}.Release|Any CPU.Build.0 = Release|Any CPU
	EndGlobalSection
	GlobalSection(SolutionProperties) = preSolution
		HideSolutionNode = FALSE
	EndGlobalSection
EndGlobal
