
Microsoft Visual Studio Solution File, Format Version 11.00
# Visual Studio 2010
Project("{FAE04EC0-301F-11D3-BF4B-00C04F79EFBC}") = "pioneer", "pioneer\pioneer.csproj", "{847CF4A1-6ECE-4E8D-8CB3-E274B2730D2C}"
EndProject
Global
	GlobalSection(SolutionConfigurationPlatforms) = preSolution
		Debug|Any CPU = Debug|Any CPU
		Release|Any CPU = Release|Any CPU
	EndGlobalSection
	GlobalSection(ProjectConfigurationPlatforms) = postSolution
		{847CF4A1-6ECE-4E8D-8CB3-E274B2730D2C}.Debug|Any CPU.ActiveCfg = Debug|Any CPU
		{847CF4A1-6ECE-4E8D-8CB3-E274B2730D2C}.Debug|Any CPU.Build.0 = Debug|Any CPU
		{847CF4A1-6ECE-4E8D-8CB3-E274B2730D2C}.Release|Any CPU.ActiveCfg = Release|Any CPU
		{847CF4A1-6ECE-4E8D-8CB3-E274B2730D2C}.Release|Any CPU.Build.0 = Release|Any CPU
	EndGlobalSection
	GlobalSection(SolutionProperties) = preSolution
		HideSolutionNode = FALSE
	EndGlobalSection
EndGlobal
