
Microsoft Visual Studio Solution File, Format Version 11.00
# Visual Studio 2010
Project("{FAE04EC0-301F-11D3-BF4B-00C04F79EFBC}") = "2ndAsp", "2ndAsp\2ndAsp.csproj", "{AC9BBE9C-83D8-4ED2-AFEE-24792FABD018}"
EndProject
Global
	GlobalSection(SolutionConfigurationPlatforms) = preSolution
		Debug|Any CPU = Debug|Any CPU
		Release|Any CPU = Release|Any CPU
	EndGlobalSection
	GlobalSection(ProjectConfigurationPlatforms) = postSolution
		{AC9BBE9C-83D8-4ED2-AFEE-24792FABD018}.Debug|Any CPU.ActiveCfg = Debug|Any CPU
		{AC9BBE9C-83D8-4ED2-AFEE-24792FABD018}.Debug|Any CPU.Build.0 = Debug|Any CPU
		{AC9BBE9C-83D8-4ED2-AFEE-24792FABD018}.Release|Any CPU.ActiveCfg = Release|Any CPU
		{AC9BBE9C-83D8-4ED2-AFEE-24792FABD018}.Release|Any CPU.Build.0 = Release|Any CPU
	EndGlobalSection
	GlobalSection(SolutionProperties) = preSolution
		HideSolutionNode = FALSE
	EndGlobalSection
EndGlobal
