
Microsoft Visual Studio Solution File, Format Version 11.00
# Visual Studio 2010
Project("{8BC9CEB8-8B4A-11D0-8D11-00A0C91BC942}") = "file_handle", "file_handle\file_handle.vcxproj", "{46261734-9AA5-40EF-BAD6-80AB8621593F}"
EndProject
Global
	GlobalSection(SolutionConfigurationPlatforms) = preSolution
		Debug|Win32 = Debug|Win32
		Release|Win32 = Release|Win32
	EndGlobalSection
	GlobalSection(ProjectConfigurationPlatforms) = postSolution
		{46261734-9AA5-40EF-BAD6-80AB8621593F}.Debug|Win32.ActiveCfg = Debug|Win32
		{46261734-9AA5-40EF-BAD6-80AB8621593F}.Debug|Win32.Build.0 = Debug|Win32
		{46261734-9AA5-40EF-BAD6-80AB8621593F}.Release|Win32.ActiveCfg = Release|Win32
		{46261734-9AA5-40EF-BAD6-80AB8621593F}.Release|Win32.Build.0 = Release|Win32
	EndGlobalSection
	GlobalSection(SolutionProperties) = preSolution
		HideSolutionNode = FALSE
	EndGlobalSection
EndGlobal
