
Microsoft Visual Studio Solution File, Format Version 11.00
# Visual Studio 2010
Project("{FAE04EC0-301F-11D3-BF4B-00C04F79EFBC}") = "tepo", "tepo\tepo.csproj", "{7C623D9F-D682-4C77-B838-0153F0BF67CB}"
EndProject
Global
	GlobalSection(SolutionConfigurationPlatforms) = preSolution
		Debug|Any CPU = Debug|Any CPU
		Release|Any CPU = Release|Any CPU
	EndGlobalSection
	GlobalSection(ProjectConfigurationPlatforms) = postSolution
		{7C623D9F-D682-4C77-B838-0153F0BF67CB}.Debug|Any CPU.ActiveCfg = Debug|Any CPU
		{7C623D9F-D682-4C77-B838-0153F0BF67CB}.Debug|Any CPU.Build.0 = Debug|Any CPU
		{7C623D9F-D682-4C77-B838-0153F0BF67CB}.Release|Any CPU.ActiveCfg = Release|Any CPU
		{7C623D9F-D682-4C77-B838-0153F0BF67CB}.Release|Any CPU.Build.0 = Release|Any CPU
	EndGlobalSection
	GlobalSection(SolutionProperties) = preSolution
		HideSolutionNode = FALSE
	EndGlobalSection
EndGlobal
