
Microsoft Visual Studio Solution File, Format Version 11.00
# Visual Studio 2010
Project("{F184B08F-C81C-45F6-A57F-5ABD9991F28F}") = "area and circum of a circle", "area and circum of a circle\area and circum of a circle.vbproj", "{2CD52436-F1E0-4A88-917F-1C3D859C9DCD}"
EndProject
Global
	GlobalSection(SolutionConfigurationPlatforms) = preSolution
		Debug|x86 = Debug|x86
		Release|x86 = Release|x86
	EndGlobalSection
	GlobalSection(ProjectConfigurationPlatforms) = postSolution
		{2CD52436-F1E0-4A88-917F-1C3D859C9DCD}.Debug|x86.ActiveCfg = Debug|x86
		{2CD52436-F1E0-4A88-917F-1C3D859C9DCD}.Debug|x86.Build.0 = Debug|x86
		{2CD52436-F1E0-4A88-917F-1C3D859C9DCD}.Release|x86.ActiveCfg = Release|x86
		{2CD52436-F1E0-4A88-917F-1C3D859C9DCD}.Release|x86.Build.0 = Release|x86
	EndGlobalSection
	GlobalSection(SolutionProperties) = preSolution
		HideSolutionNode = FALSE
	EndGlobalSection
EndGlobal
